
Microsoft Visual Studio Solution File, Format Version 12.00
Project("{FAE04EC0-301F-11D3-BF4B-00C04F79EFBC}") = "MauiApp3", "MauiApp3\MauiApp3.csproj", "{7FEF9DEB-3D2F-406F-A7E8-07263B2EBD54}"
EndProject
Global
	GlobalSection(SolutionConfigurationPlatforms) = preSolution
		Debug|Any CPU = Debug|Any CPU
		Release|Any CPU = Release|Any CPU
	EndGlobalSection
	GlobalSection(ProjectConfigurationPlatforms) = postSolution
		{7FEF9DEB-3D2F-406F-A7E8-07263B2EBD54}.Debug|Any CPU.ActiveCfg = Debug|Any CPU
		{7FEF9DEB-3D2F-406F-A7E8-07263B2EBD54}.Debug|Any CPU.Build.0 = Debug|Any CPU
		{7FEF9DEB-3D2F-406F-A7E8-07263B2EBD54}.Release|Any CPU.ActiveCfg = Release|Any CPU
		{7FEF9DEB-3D2F-406F-A7E8-07263B2EBD54}.Release|Any CPU.Build.0 = Release|Any CPU
	EndGlobalSection
EndGlobal
